
Microsoft Visual Studio Solution File, Format Version 12.00
# Visual Studio 15
VisualStudioVersion = 15.0.28307.1267
MinimumVisualStudioVersion = 10.0.40219.1
Project("{FAE04EC0-301F-11D3-BF4B-00C04F79EFBC}") = "C_sharp_question3", "C_sharp_question3\C_sharp_question3.csproj", "{DF75D3D3-601B-49D1-B23F-281E7F87C034}"
EndProject
Global
	GlobalSection(SolutionConfigurationPlatforms) = preSolution
		Debug|Any CPU = Debug|Any CPU
		Release|Any CPU = Release|Any CPU
	EndGlobalSection
	GlobalSection(ProjectConfigurationPlatforms) = postSolution
		{DF75D3D3-601B-49D1-B23F-281E7F87C034}.Debug|Any CPU.ActiveCfg = Debug|Any CPU
		{DF75D3D3-601B-49D1-B23F-281E7F87C034}.Debug|Any CPU.Build.0 = Debug|Any CPU
		{DF75D3D3-601B-49D1-B23F-281E7F87C034}.Release|Any CPU.ActiveCfg = Release|Any CPU
		{DF75D3D3-601B-49D1-B23F-281E7F87C034}.Release|Any CPU.Build.0 = Release|Any CPU
	EndGlobalSection
	GlobalSection(SolutionProperties) = preSolution
		HideSolutionNode = FALSE
	EndGlobalSection
	GlobalSection(ExtensibilityGlobals) = postSolution
		SolutionGuid = {595C1C0F-EBB6-4A21-9311-CEDEA28C229F}
	EndGlobalSection
EndGlobal
