
Microsoft Visual Studio Solution File, Format Version 12.00
# Visual Studio 15
VisualStudioVersion = 15.0.28307.1267
MinimumVisualStudioVersion = 10.0.40219.1
Project("{FAE04EC0-301F-11D3-BF4B-00C04F79EFBC}") = "C_Sharp_Question_2", "C_Sharp_Question_2\C_Sharp_Question_2.csproj", "{4F7FDE70-D3E3-437E-A907-7BB744F6D156}"
EndProject
Global
	GlobalSection(SolutionConfigurationPlatforms) = preSolution
		Debug|Any CPU = Debug|Any CPU
		Release|Any CPU = Release|Any CPU
	EndGlobalSection
	GlobalSection(ProjectConfigurationPlatforms) = postSolution
		{4F7FDE70-D3E3-437E-A907-7BB744F6D156}.Debug|Any CPU.ActiveCfg = Debug|Any CPU
		{4F7FDE70-D3E3-437E-A907-7BB744F6D156}.Debug|Any CPU.Build.0 = Debug|Any CPU
		{4F7FDE70-D3E3-437E-A907-7BB744F6D156}.Release|Any CPU.ActiveCfg = Release|Any CPU
		{4F7FDE70-D3E3-437E-A907-7BB744F6D156}.Release|Any CPU.Build.0 = Release|Any CPU
	EndGlobalSection
	GlobalSection(SolutionProperties) = preSolution
		HideSolutionNode = FALSE
	EndGlobalSection
	GlobalSection(ExtensibilityGlobals) = postSolution
		SolutionGuid = {3D0D961C-0BAF-4034-B998-2B286B6C6DFF}
	EndGlobalSection
EndGlobal
